// !$*UTF8*$!
{
	archiveVersion = 1;
	classes = {
	};
	objectVersion = 46;
	objects = {

/* Begin PBXBuildFile section */
		675AEE1E1D2CD292003CC197 /* AppDelegate.swift in Sources */ = {isa = PBXBuildFile; fileRef = 675AEE1D1D2CD292003CC197 /* AppDelegate.swift */; };
		675AEE201D2CD292003CC197 /* ViewController.swift in Sources */ = {isa = PBXBuildFile; fileRef = 675AEE1F1D2CD292003CC197 /* ViewController.swift */; };
		675AEE231D2CD292003CC197 /* Main.storyboard in Resources */ = {isa = PBXBuildFile; fileRef = 675AEE211D2CD292003CC197 /* Main.storyboard */; };
		675AEE251D2CD292003CC197 /* Assets.xcassets in Resources */ = {isa = PBXBuildFile; fileRef = 675AEE241D2CD292003CC197 /* Assets.xcassets */; };
		675AEE281D2CD292003CC197 /* LaunchScreen.storyboard in Resources */ = {isa = PBXBuildFile; fileRef = 675AEE261D2CD292003CC197 /* LaunchScreen.storyboard */; };
		675AEE331D2CD292003CC197 /* ReplayKitLibTests.swift in Sources */ = {isa = PBXBuildFile; fileRef = 675AEE321D2CD292003CC197 /* ReplayKitLibTests.swift */; };
		675AEE3E1D2CDD4D003CC197 /* ReplayKit.framework in Frameworks */ = {isa = PBXBuildFile; fileRef = 675AEE3D1D2CDD4D003CC197 /* ReplayKit.framework */; };
/* End PBXBuildFile section */

/* Begin PBXContainerItemProxy section */
		675AEE2F1D2CD292003CC197 /* PBXContainerItemProxy */ = {
			isa = PBXContainerItemProxy;
			containerPortal = 675AEE121D2CD292003CC197 /* Project object */;
			proxyType = 1;
			remoteGlobalIDString = 675AEE191D2CD292003CC197;
			remoteInfo = ReplayKitLib;
		};
/* End PBXContainerItemProxy section */

/* Begin PBXFileReference section */
		675AEE1A1D2CD292003CC197 /* ReplayKitLib.app */ = {isa = PBXFileReference; explicitFileType = wrapper.application; includeInIndex = 0; path = ReplayKitLib.app; sourceTree = BUILT_PRODUCTS_DIR; };
		675AEE1D1D2CD292003CC197 /* AppDelegate.swift */ = {isa = PBXFileReference; lastKnownFileType = sourcecode.swift; path = AppDelegate.swift; sourceTree = "<group>"; };
		675AEE1F1D2CD292003CC197 /* ViewController.swift */ = {isa = PBXFileReference; lastKnownFileType = sourcecode.swift; path = ViewController.swift; sourceTree = "<group>"; };
		675AEE221D2CD292003CC197 /* Base */ = {isa = PBXFileReference; lastKnownFileType = file.storyboard; name = Base; path = Base.lproj/Main.storyboard; sourceTree = "<group>"; };
		675AEE241D2CD292003CC197 /* Assets.xcassets */ = {isa = PBXFileReference; lastKnownFileType = folder.assetcatalog; path = Assets.xcassets; sourceTree = "<group>"; };
		675AEE271D2CD292003CC197 /* Base */ = {isa = PBXFileReference; lastKnownFileType = file.storyboard; name = Base; path = Base.lproj/LaunchScreen.storyboard; sourceTree = "<group>"; };
		675AEE291D2CD292003CC197 /* Info.plist */ = {isa = PBXFileReference; lastKnownFileType = text.plist.xml; path = Info.plist; sourceTree = "<group>"; };
		675AEE2E1D2CD292003CC197 /* ReplayKitLibTests.xctest */ = {isa = PBXFileReference; explicitFileType = wrapper.cfbundle; includeInIndex = 0; path = ReplayKitLibTests.xctest; sourceTree = BUILT_PRODUCTS_DIR; };
		675AEE321D2CD292003CC197 /* ReplayKitLibTests.swift */ = {isa = PBXFileReference; lastKnownFileType = sourcecode.swift; path = ReplayKitLibTests.swift; sourceTree = "<group>"; };
		675AEE341D2CD292003CC197 /* Info.plist */ = {isa = PBXFileReference; lastKnownFileType = text.plist.xml; path = Info.plist; sourceTree = "<group>"; };
		675AEE3D1D2CDD4D003CC197 /* ReplayKit.framework */ = {isa = PBXFileReference; lastKnownFileType = wrapper.framework; name = ReplayKit.framework; path = System/Library/Frameworks/ReplayKit.framework; sourceTree = SDKROOT; };
/* End PBXFileReference section */

/* Begin PBXFrameworksBuildPhase section */
		675AEE171D2CD292003CC197 /* Frameworks */ = {
			isa = PBXFrameworksBuildPhase;
			buildActionMask = 2147483647;
			files = (
				675AEE3E1D2CDD4D003CC197 /* ReplayKit.framework in Frameworks */,
			);
			runOnlyForDeploymentPostprocessing = 0;
		};
		675AEE2B1D2CD292003CC197 /* Frameworks */ = {
			isa = PBXFrameworksBuildPhase;
			buildActionMask = 2147483647;
			files = (
			);
			runOnlyForDeploymentPostprocessing = 0;
		};
/* End PBXFrameworksBuildPhase section */

/* Begin PBXGroup section */
		675AEE111D2CD292003CC197 = {
			isa = PBXGroup;
			children = (
				675AEE3D1D2CDD4D003CC197 /* ReplayKit.framework */,
				675AEE1C1D2CD292003CC197 /* ReplayKitLib */,
				675AEE311D2CD292003CC197 /* ReplayKitLibTests */,
				675AEE1B1D2CD292003CC197 /* Products */,
			);
			sourceTree = "<group>";
		};
		675AEE1B1D2CD292003CC197 /* Products */ = {
			isa = PBXGroup;
			children = (
				675AEE1A1D2CD292003CC197 /* ReplayKitLib.app */,
				675AEE2E1D2CD292003CC197 /* ReplayKitLibTests.xctest */,
			);
			name = Products;
			sourceTree = "<group>";
		};
		675AEE1C1D2CD292003CC197 /* ReplayKitLib */ = {
			isa = PBXGroup;
			children = (
				675AEE1D1D2CD292003CC197 /* AppDelegate.swift */,
				675AEE1F1D2CD292003CC197 /* ViewController.swift */,
				675AEE211D2CD292003CC197 /* Main.storyboard */,
				675AEE241D2CD292003CC197 /* Assets.xcassets */,
				675AEE261D2CD292003CC197 /* LaunchScreen.storyboard */,
				675AEE291D2CD292003CC197 /* Info.plist */,
			);
			path = ReplayKitLib;
			sourceTree = "<group>";
		};
		675AEE311D2CD292003CC197 /* ReplayKitLibTests */ = {
			isa = PBXGroup;
			children = (
				675AEE321D2CD292003CC197 /* ReplayKitLibTests.swift */,
				675AEE341D2CD292003CC197 /* Info.plist */,
			);
			path = ReplayKitLibTests;
			sourceTree = "<group>";
		};
/* End PBXGroup section */

/* Begin PBXNativeTarget section */
		675AEE191D2CD292003CC197 /* ReplayKitLib */ = {
			isa = PBXNativeTarget;
			buildConfigurationList = 675AEE371D2CD292003CC197 /* Build configuration list for PBXNativeTarget "ReplayKitLib" */;
			buildPhases = (
				675AEE161D2CD292003CC197 /* Sources */,
				675AEE171D2CD292003CC197 /* Frameworks */,
				675AEE181D2CD292003CC197 /* Resources */,
			);
			buildRules = (
			);
			dependencies = (
			);
			name = ReplayKitLib;
			productName = ReplayKitLib;
			productReference = 675AEE1A1D2CD292003CC197 /* ReplayKitLib.app */;
			productType = "com.apple.product-type.application";
		};
		675AEE2D1D2CD292003CC197 /* ReplayKitLibTests */ = {
			isa = PBXNativeTarget;
			buildConfigurationList = 675AEE3A1D2CD292003CC197 /* Build configuration list for PBXNativeTarget "ReplayKitLibTests" */;
			buildPhases = (
				675AEE2A1D2CD292003CC197 /* Sources */,
				675AEE2B1D2CD292003CC197 /* Frameworks */,
				675AEE2C1D2CD292003CC197 /* Resources */,
			);
			buildRules = (
			);
			dependencies = (
				675AEE301D2CD292003CC197 /* PBXTargetDependency */,
			);
			name = ReplayKitLibTests;
			productName = ReplayKitLibTests;
			productReference = 675AEE2E1D2CD292003CC197 /* ReplayKitLibTests.xctest */;
			productType = "com.apple.product-type.bundle.unit-test";
		};
/* End PBXNativeTarget section */

/* Begin PBXProject section */
		675AEE121D2CD292003CC197 /* Project object */ = {
			isa = PBXProject;
			attributes = {
				LastSwiftUpdateCheck = 0730;
				LastUpgradeCheck = 0730;
				ORGANIZATIONNAME = yuewan;
				TargetAttributes = {
					675AEE191D2CD292003CC197 = {
						CreatedOnToolsVersion = 7.3.1;
					};
					675AEE2D1D2CD292003CC197 = {
						CreatedOnToolsVersion = 7.3.1;
						TestTargetID = 675AEE191D2CD292003CC197;
					};
				};
			};
			buildConfigurationList = 675AEE151D2CD292003CC197 /* Build configuration list for PBXProject "ReplayKitLib" */;
			compatibilityVersion = "Xcode 3.2";
			developmentRegion = English;
			hasScannedForEncodings = 0;
			knownRegions = (
				en,
				Base,
			);
			mainGroup = 675AEE111D2CD292003CC197;
			productRefGroup = 675AEE1B1D2CD292003CC197 /* Products */;
			projectDirPath = "";
			projectRoot = "";
			targets = (
				675AEE191D2CD292003CC197 /* ReplayKitLib */,
				675AEE2D1D2CD292003CC197 /* ReplayKitLibTests */,
			);
		};
/* End PBXProject section */

/* Begin PBXResourcesBuildPhase section */
		675AEE181D2CD292003CC197 /* Resources */ = {
			isa = PBXResourcesBuildPhase;
			buildActionMask = 2147483647;
			files = (
				675AEE281D2CD292003CC197 /* LaunchScreen.storyboard in Resources */,
				675AEE251D2CD292003CC197 /* Assets.xcassets in Resources */,
				675AEE231D2CD292003CC197 /* Main.storyboard in Resources */,
			);
			runOnlyForDeploymentPostprocessing = 0;
		};
		675AEE2C1D2CD292003CC197 /* Resources */ = {
			isa = PBXResourcesBuildPhase;
			buildActionMask = 2147483647;
			files = (
			);
			runOnlyForDeploymentPostprocessing = 0;
		};
/* End PBXResourcesBuildPhase section */

/* Begin PBXSourcesBuildPhase section */
		675AEE161D2CD292003CC197 /* Sources */ = {
			isa = PBXSourcesBuildPhase;
			buildActionMask = 2147483647;
			files = (
				675AEE201D2CD292003CC197 /* ViewController.swift in Sources */,
				675AEE1E1D2CD292003CC197 /* AppDelegate.swift in Sources */,
			);
			runOnlyForDeploymentPostprocessing = 0;
		};
		675AEE2A1D2CD292003CC197 /* Sources */ = {
			isa = PBXSourcesBuildPhase;
			buildActionMask = 2147483647;
			files = (
				675AEE331D2CD292003CC197 /* ReplayKitLibTests.swift in Sources */,
			);
			runOnlyForDeploymentPostprocessing = 0;
		};
/* End PBXSourcesBuildPhase section */

/* Begin PBXTargetDependency section */
		675AEE301D2CD292003CC197 /* PBXTargetDependency */ = {
			isa = PBXTargetDependency;
			target = 675AEE191D2CD292003CC197 /* ReplayKitLib */;
			targetProxy = 675AEE2F1D2CD292003CC197 /* PBXContainerItemProxy */;
		};
/* End PBXTargetDependency section */

/* Begin PBXVariantGroup section */
		675AEE211D2CD292003CC197 /* Main.storyboard */ = {
			isa = PBXVariantGroup;
			children = (
				675AEE221D2CD292003CC197 /* Base */,
			);
			name = Main.storyboard;
			sourceTree = "<group>";
		};
		675AEE261D2CD292003CC197 /* LaunchScreen.storyboard */ = {
			isa = PBXVariantGroup;
			children = (
				675AEE271D2CD292003CC197 /* Base */,
			);
			name = LaunchScreen.storyboard;
			sourceTree = "<group>";
		};
/* End PBXVariantGroup section */

/* Begin XCBuildConfiguration section */
		675AEE351D2CD292003CC197 /* Debug */ = {
			isa = XCBuildConfiguration;
			buildSettings = {
				ALWAYS_SEARCH_USER_PATHS = NO;
				CLANG_ANALYZER_NONNULL = YES;
				CLANG_CXX_LANGUAGE_STANDARD = "gnu++0x";
				CLANG_CXX_LIBRARY = "libc++";
				CLANG_ENABLE_MODULES = YES;
				CLANG_ENABLE_OBJC_ARC = YES;
				CLANG_WARN_BOOL_CONVERSION = YES;
				CLANG_WARN_CONSTANT_CONVERSION = YES;
				CLANG_WARN_DIRECT_OBJC_ISA_USAGE = YES_ERROR;
				CLANG_WARN_EMPTY_BODY = YES;
				CLANG_WARN_ENUM_CONVERSION = YES;
				CLANG_WARN_INT_CONVERSION = YES;
				CLANG_WARN_OBJC_ROOT_CLASS = YES_ERROR;
				CLANG_WARN_UNREACHABLE_CODE = YES;
				CLANG_WARN__DUPLICATE_METHOD_MATCH = YES;
				"CODE_SIGN_IDENTITY[sdk=iphoneos*]" = "iPhone Developer";
				COPY_PHASE_STRIP = NO;
				DEBUG_INFORMATION_FORMAT = dwarf;
				ENABLE_STRICT_OBJC_MSGSEND = YES;
				ENABLE_TESTABILITY = YES;
				GCC_C_LANGUAGE_STANDARD = gnu99;
				GCC_DYNAMIC_NO_PIC = NO;
				GCC_NO_COMMON_BLOCKS = YES;
				GCC_OPTIMIZATION_LEVEL = 0;
				GCC_PREPROCESSOR_DEFINITIONS = (
					"DEBUG=1",
					"$(inherited)",
				);
				GCC_WARN_64_TO_32_BIT_CONVERSION = YES;
				GCC_WARN_ABOUT_RETURN_TYPE = YES_ERROR;
				GCC_WARN_UNDECLARED_SELECTOR = YES;
				GCC_WARN_UNINITIALIZED_AUTOS = YES_AGGRESSIVE;
				GCC_WARN_UNUSED_FUNCTION = YES;
				GCC_WARN_UNUSED_VARIABLE = YES;
				IPHONEOS_DEPLOYMENT_TARGET = 9.3;
				MTL_ENABLE_DEBUG_INFO = YES;
				ONLY_ACTIVE_ARCH = YES;
				SDKROOT = iphoneos;
				SWIFT_OPTIMIZATION_LEVEL = "-Onone";
			};
			name = Debug;
		};
		675AEE361D2CD292003CC197 /* Release */ = {
			isa = XCBuildConfiguration;
			buildSettings = {
				ALWAYS_SEARCH_USER_PATHS = NO;
				CLANG_ANALYZER_NONNULL = YES;
				CLANG_CXX_LANGUAGE_STANDARD = "gnu++0x";
				CLANG_CXX_LIBRARY = "libc++";
				CLANG_ENABLE_MODULES = YES;
				CLANG_ENABLE_OBJC_ARC = YES;
				CLANG_WARN_BOOL_CONVERSION = YES;
				CLANG_WARN_CONSTANT_CONVERSION = YES;
				CLANG_WARN_DIRECT_OBJC_ISA_USAGE = YES_ERROR;
				CLANG_WARN_EMPTY_BODY = YES;
				CLANG_WARN_ENUM_CONVERSION = YES;
				CLANG_WARN_INT_CONVERSION = YES;
				CLANG_WARN_OBJC_ROOT_CLASS = YES_ERROR;
				CLANG_WARN_UNREACHABLE_CODE = YES;
				CLANG_WARN__DUPLICATE_METHOD_MATCH = YES;
				"CODE_SIGN_IDENTITY[sdk=iphoneos*]" = "iPhone Developer";
				COPY_PHASE_STRIP = NO;
				DEBUG_INFORMATION_FORMAT = "dwarf-with-dsym";
				ENABLE_NS_ASSERTIONS = NO;
				ENABLE_STRICT_OBJC_MSGSEND = YES;
				GCC_C_LANGUAGE_STANDARD = gnu99;
				GCC_NO_COMMON_BLOCKS = YES;
				GCC_WARN_64_TO_32_BIT_CONVERSION = YES;
				GCC_WARN_ABOUT_RETURN_TYPE = YES_ERROR;
				GCC_WARN_UNDECLARED_SELECTOR = YES;
				GCC_WARN_UNINITIALIZED_AUTOS = YES_AGGRESSIVE;
				GCC_WARN_UNUSED_FUNCTION = YES;
				GCC_WARN_UNUSED_VARIABLE = YES;
				IPHONEOS_DEPLOYMENT_TARGET = 9.3;
				MTL_ENABLE_DEBUG_INFO = NO;
				SDKROOT = iphoneos;
				VALIDATE_PRODUCT = YES;
			};
			name = Release;
		};
		675AEE381D2CD292003CC197 /* Debug */ = {
			isa = XCBuildConfiguration;
			buildSettings = {
				ASSETCATALOG_COMPILER_APPICON_NAME = AppIcon;
				INFOPLIST_FILE = ReplayKitLib/Info.plist;
				LD_RUNPATH_SEARCH_PATHS = "$(inherited) @executable_path/Frameworks";
				PRODUCT_BUNDLE_IDENTIFIER = yuewan.ReplayKitLib;
				PRODUCT_NAME = "$(TARGET_NAME)";
			};
			name = Debug;
		};
		675AEE391D2CD292003CC197 /* Release */ = {
			isa = XCBuildConfiguration;
			buildSettings = {
				ASSETCATALOG_COMPILER_APPICON_NAME = AppIcon;
				INFOPLIST_FILE = ReplayKitLib/Info.plist;
				LD_RUNPATH_SEARCH_PATHS = "$(inherited) @executable_path/Frameworks";
				PRODUCT_BUNDLE_IDENTIFIER = yuewan.ReplayKitLib;
				PRODUCT_NAME = "$(TARGET_NAME)";
			};
			name = Release;
		};
		675AEE3B1D2CD292003CC197 /* Debug */ = {
			isa = XCBuildConfiguration;
			buildSettings = {
				BUNDLE_LOADER = "$(TEST_HOST)";
				INFOPLIST_FILE = ReplayKitLibTests/Info.plist;
				LD_RUNPATH_SEARCH_PATHS = "$(inherited) @executable_path/Frameworks @loader_path/Frameworks";
				PRODUCT_BUNDLE_IDENTIFIER = yuewan.ReplayKitLibTests;
				PRODUCT_NAME = "$(TARGET_NAME)";
				TEST_HOST = "$(BUILT_PRODUCTS_DIR)/ReplayKitLib.app/ReplayKitLib";
			};
			name = Debug;
		};
		675AEE3C1D2CD292003CC197 /* Release */ = {
			isa = XCBuildConfiguration;
			buildSettings = {
				BUNDLE_LOADER = "$(TEST_HOST)";
				INFOPLIST_FILE = ReplayKitLibTests/Info.plist;
				LD_RUNPATH_SEARCH_PATHS = "$(inherited) @executable_path/Frameworks @loader_path/Frameworks";
				PRODUCT_BUNDLE_IDENTIFIER = yuewan.ReplayKitLibTests;
				PRODUCT_NAME = "$(TARGET_NAME)";
				TEST_HOST = "$(BUILT_PRODUCTS_DIR)/ReplayKitLib.app/ReplayKitLib";
			};
			name = Release;
		};
/* End XCBuildConfiguration section */

/* Begin XCConfigurationList section */
		675AEE151D2CD292003CC197 /* Build configuration list for PBXProject "ReplayKitLib" */ = {
			isa = XCConfigurationList;
			buildConfigurations = (
				675AEE351D2CD292003CC197 /* Debug */,
				675AEE361D2CD292003CC197 /* Release */,
			);
			defaultConfigurationIsVisible = 0;
			defaultConfigurationName = Release;
		};
		675AEE371D2CD292003CC197 /* Build configuration list for PBXNativeTarget "ReplayKitLib" */ = {
			isa = XCConfigurationList;
			buildConfigurations = (
				675AEE381D2CD292003CC197 /* Debug */,
				675AEE391D2CD292003CC197 /* Release */,
			);
			defaultConfigurationIsVisible = 0;
		};
		675AEE3A1D2CD292003CC197 /* Build configuration list for PBXNativeTarget "ReplayKitLibTests" */ = {
			isa = XCConfigurationList;
			buildConfigurations = (
				675AEE3B1D2CD292003CC197 /* Debug */,
				675AEE3C1D2CD292003CC197 /* Release */,
			);
			defaultConfigurationIsVisible = 0;
		};
/* End XCConfigurationList section */
	};
	rootObject = 675AEE121D2CD292003CC197 /* Project object */;
}
