// !$*UTF8*$!
{
	archiveVersion = 1;
	classes = {
	};
	objectVersion = 46;
	objects = {

/* Begin PBXBuildFile section */
		672C8A0E1D2CEDBE0045EA31 /* AppDelegate.swift in Sources */ = {isa = PBXBuildFile; fileRef = 672C8A0D1D2CEDBE0045EA31 /* AppDelegate.swift */; };
		672C8A101D2CEDBE0045EA31 /* ViewController.swift in Sources */ = {isa = PBXBuildFile; fileRef = 672C8A0F1D2CEDBE0045EA31 /* ViewController.swift */; };
		672C8A131D2CEDBE0045EA31 /* Main.storyboard in Resources */ = {isa = PBXBuildFile; fileRef = 672C8A111D2CEDBE0045EA31 /* Main.storyboard */; };
		672C8A151D2CEDBE0045EA31 /* Assets.xcassets in Resources */ = {isa = PBXBuildFile; fileRef = 672C8A141D2CEDBE0045EA31 /* Assets.xcassets */; };
		672C8A181D2CEDBE0045EA31 /* LaunchScreen.storyboard in Resources */ = {isa = PBXBuildFile; fileRef = 672C8A161D2CEDBE0045EA31 /* LaunchScreen.storyboard */; };
		672C8A231D2CEDBE0045EA31 /* AVFondationLibTests.swift in Sources */ = {isa = PBXBuildFile; fileRef = 672C8A221D2CEDBE0045EA31 /* AVFondationLibTests.swift */; };
		67B7E8431D2F8BC400BE7014 /* ViewController1.swift in Sources */ = {isa = PBXBuildFile; fileRef = 67B7E8421D2F8BC400BE7014 /* ViewController1.swift */; };
/* End PBXBuildFile section */

/* Begin PBXContainerItemProxy section */
		672C8A1F1D2CEDBE0045EA31 /* PBXContainerItemProxy */ = {
			isa = PBXContainerItemProxy;
			containerPortal = 672C8A021D2CEDBE0045EA31 /* Project object */;
			proxyType = 1;
			remoteGlobalIDString = 672C8A091D2CEDBE0045EA31;
			remoteInfo = AVFondationLib;
		};
/* End PBXContainerItemProxy section */

/* Begin PBXFileReference section */
		672C8A0A1D2CEDBE0045EA31 /* AVFondationLib.app */ = {isa = PBXFileReference; explicitFileType = wrapper.application; includeInIndex = 0; path = AVFondationLib.app; sourceTree = BUILT_PRODUCTS_DIR; };
		672C8A0D1D2CEDBE0045EA31 /* AppDelegate.swift */ = {isa = PBXFileReference; lastKnownFileType = sourcecode.swift; path = AppDelegate.swift; sourceTree = "<group>"; };
		672C8A0F1D2CEDBE0045EA31 /* ViewController.swift */ = {isa = PBXFileReference; lastKnownFileType = sourcecode.swift; path = ViewController.swift; sourceTree = "<group>"; };
		672C8A121D2CEDBE0045EA31 /* Base */ = {isa = PBXFileReference; lastKnownFileType = file.storyboard; name = Base; path = Base.lproj/Main.storyboard; sourceTree = "<group>"; };
		672C8A141D2CEDBE0045EA31 /* Assets.xcassets */ = {isa = PBXFileReference; lastKnownFileType = folder.assetcatalog; path = Assets.xcassets; sourceTree = "<group>"; };
		672C8A171D2CEDBE0045EA31 /* Base */ = {isa = PBXFileReference; lastKnownFileType = file.storyboard; name = Base; path = Base.lproj/LaunchScreen.storyboard; sourceTree = "<group>"; };
		672C8A191D2CEDBE0045EA31 /* Info.plist */ = {isa = PBXFileReference; lastKnownFileType = text.plist.xml; path = Info.plist; sourceTree = "<group>"; };
		672C8A1E1D2CEDBE0045EA31 /* AVFondationLibTests.xctest */ = {isa = PBXFileReference; explicitFileType = wrapper.cfbundle; includeInIndex = 0; path = AVFondationLibTests.xctest; sourceTree = BUILT_PRODUCTS_DIR; };
		672C8A221D2CEDBE0045EA31 /* AVFondationLibTests.swift */ = {isa = PBXFileReference; lastKnownFileType = sourcecode.swift; path = AVFondationLibTests.swift; sourceTree = "<group>"; };
		672C8A241D2CEDBE0045EA31 /* Info.plist */ = {isa = PBXFileReference; lastKnownFileType = text.plist.xml; path = Info.plist; sourceTree = "<group>"; };
		67B7E8421D2F8BC400BE7014 /* ViewController1.swift */ = {isa = PBXFileReference; fileEncoding = 4; lastKnownFileType = sourcecode.swift; path = ViewController1.swift; sourceTree = "<group>"; };
/* End PBXFileReference section */

/* Begin PBXFrameworksBuildPhase section */
		672C8A071D2CEDBE0045EA31 /* Frameworks */ = {
			isa = PBXFrameworksBuildPhase;
			buildActionMask = 2147483647;
			files = (
			);
			runOnlyForDeploymentPostprocessing = 0;
		};
		672C8A1B1D2CEDBE0045EA31 /* Frameworks */ = {
			isa = PBXFrameworksBuildPhase;
			buildActionMask = 2147483647;
			files = (
			);
			runOnlyForDeploymentPostprocessing = 0;
		};
/* End PBXFrameworksBuildPhase section */

/* Begin PBXGroup section */
		672C8A011D2CEDBE0045EA31 = {
			isa = PBXGroup;
			children = (
				672C8A0C1D2CEDBE0045EA31 /* AVFondationLib */,
				672C8A211D2CEDBE0045EA31 /* AVFondationLibTests */,
				672C8A0B1D2CEDBE0045EA31 /* Products */,
			);
			sourceTree = "<group>";
		};
		672C8A0B1D2CEDBE0045EA31 /* Products */ = {
			isa = PBXGroup;
			children = (
				672C8A0A1D2CEDBE0045EA31 /* AVFondationLib.app */,
				672C8A1E1D2CEDBE0045EA31 /* AVFondationLibTests.xctest */,
			);
			name = Products;
			sourceTree = "<group>";
		};
		672C8A0C1D2CEDBE0045EA31 /* AVFondationLib */ = {
			isa = PBXGroup;
			children = (
				672C8A0D1D2CEDBE0045EA31 /* AppDelegate.swift */,
				672C8A0F1D2CEDBE0045EA31 /* ViewController.swift */,
				67B7E8421D2F8BC400BE7014 /* ViewController1.swift */,
				672C8A111D2CEDBE0045EA31 /* Main.storyboard */,
				672C8A141D2CEDBE0045EA31 /* Assets.xcassets */,
				672C8A161D2CEDBE0045EA31 /* LaunchScreen.storyboard */,
				672C8A191D2CEDBE0045EA31 /* Info.plist */,
			);
			path = AVFondationLib;
			sourceTree = "<group>";
		};
		672C8A211D2CEDBE0045EA31 /* AVFondationLibTests */ = {
			isa = PBXGroup;
			children = (
				672C8A221D2CEDBE0045EA31 /* AVFondationLibTests.swift */,
				672C8A241D2CEDBE0045EA31 /* Info.plist */,
			);
			path = AVFondationLibTests;
			sourceTree = "<group>";
		};
/* End PBXGroup section */

/* Begin PBXNativeTarget section */
		672C8A091D2CEDBE0045EA31 /* AVFondationLib */ = {
			isa = PBXNativeTarget;
			buildConfigurationList = 672C8A271D2CEDBE0045EA31 /* Build configuration list for PBXNativeTarget "AVFondationLib" */;
			buildPhases = (
				672C8A061D2CEDBE0045EA31 /* Sources */,
				672C8A071D2CEDBE0045EA31 /* Frameworks */,
				672C8A081D2CEDBE0045EA31 /* Resources */,
			);
			buildRules = (
			);
			dependencies = (
			);
			name = AVFondationLib;
			productName = AVFondationLib;
			productReference = 672C8A0A1D2CEDBE0045EA31 /* AVFondationLib.app */;
			productType = "com.apple.product-type.application";
		};
		672C8A1D1D2CEDBE0045EA31 /* AVFondationLibTests */ = {
			isa = PBXNativeTarget;
			buildConfigurationList = 672C8A2A1D2CEDBE0045EA31 /* Build configuration list for PBXNativeTarget "AVFondationLibTests" */;
			buildPhases = (
				672C8A1A1D2CEDBE0045EA31 /* Sources */,
				672C8A1B1D2CEDBE0045EA31 /* Frameworks */,
				672C8A1C1D2CEDBE0045EA31 /* Resources */,
			);
			buildRules = (
			);
			dependencies = (
				672C8A201D2CEDBE0045EA31 /* PBXTargetDependency */,
			);
			name = AVFondationLibTests;
			productName = AVFondationLibTests;
			productReference = 672C8A1E1D2CEDBE0045EA31 /* AVFondationLibTests.xctest */;
			productType = "com.apple.product-type.bundle.unit-test";
		};
/* End PBXNativeTarget section */

/* Begin PBXProject section */
		672C8A021D2CEDBE0045EA31 /* Project object */ = {
			isa = PBXProject;
			attributes = {
				LastSwiftUpdateCheck = 0730;
				LastUpgradeCheck = 0730;
				ORGANIZATIONNAME = yuewan;
				TargetAttributes = {
					672C8A091D2CEDBE0045EA31 = {
						CreatedOnToolsVersion = 7.3.1;
					};
					672C8A1D1D2CEDBE0045EA31 = {
						CreatedOnToolsVersion = 7.3.1;
						TestTargetID = 672C8A091D2CEDBE0045EA31;
					};
				};
			};
			buildConfigurationList = 672C8A051D2CEDBE0045EA31 /* Build configuration list for PBXProject "an" */;
			compatibilityVersion = "Xcode 3.2";
			developmentRegion = English;
			hasScannedForEncodings = 0;
			knownRegions = (
				en,
				Base,
			);
			mainGroup = 672C8A011D2CEDBE0045EA31;
			productRefGroup = 672C8A0B1D2CEDBE0045EA31 /* Products */;
			projectDirPath = "";
			projectRoot = "";
			targets = (
				672C8A091D2CEDBE0045EA31 /* AVFondationLib */,
				672C8A1D1D2CEDBE0045EA31 /* AVFondationLibTests */,
			);
		};
/* End PBXProject section */

/* Begin PBXResourcesBuildPhase section */
		672C8A081D2CEDBE0045EA31 /* Resources */ = {
			isa = PBXResourcesBuildPhase;
			buildActionMask = 2147483647;
			files = (
				672C8A181D2CEDBE0045EA31 /* LaunchScreen.storyboard in Resources */,
				672C8A151D2CEDBE0045EA31 /* Assets.xcassets in Resources */,
				672C8A131D2CEDBE0045EA31 /* Main.storyboard in Resources */,
			);
			runOnlyForDeploymentPostprocessing = 0;
		};
		672C8A1C1D2CEDBE0045EA31 /* Resources */ = {
			isa = PBXResourcesBuildPhase;
			buildActionMask = 2147483647;
			files = (
			);
			runOnlyForDeploymentPostprocessing = 0;
		};
/* End PBXResourcesBuildPhase section */

/* Begin PBXSourcesBuildPhase section */
		672C8A061D2CEDBE0045EA31 /* Sources */ = {
			isa = PBXSourcesBuildPhase;
			buildActionMask = 2147483647;
			files = (
				67B7E8431D2F8BC400BE7014 /* ViewController1.swift in Sources */,
				672C8A101D2CEDBE0045EA31 /* ViewController.swift in Sources */,
				672C8A0E1D2CEDBE0045EA31 /* AppDelegate.swift in Sources */,
			);
			runOnlyForDeploymentPostprocessing = 0;
		};
		672C8A1A1D2CEDBE0045EA31 /* Sources */ = {
			isa = PBXSourcesBuildPhase;
			buildActionMask = 2147483647;
			files = (
				672C8A231D2CEDBE0045EA31 /* AVFondationLibTests.swift in Sources */,
			);
			runOnlyForDeploymentPostprocessing = 0;
		};
/* End PBXSourcesBuildPhase section */

/* Begin PBXTargetDependency section */
		672C8A201D2CEDBE0045EA31 /* PBXTargetDependency */ = {
			isa = PBXTargetDependency;
			target = 672C8A091D2CEDBE0045EA31 /* AVFondationLib */;
			targetProxy = 672C8A1F1D2CEDBE0045EA31 /* PBXContainerItemProxy */;
		};
/* End PBXTargetDependency section */

/* Begin PBXVariantGroup section */
		672C8A111D2CEDBE0045EA31 /* Main.storyboard */ = {
			isa = PBXVariantGroup;
			children = (
				672C8A121D2CEDBE0045EA31 /* Base */,
			);
			name = Main.storyboard;
			sourceTree = "<group>";
		};
		672C8A161D2CEDBE0045EA31 /* LaunchScreen.storyboard */ = {
			isa = PBXVariantGroup;
			children = (
				672C8A171D2CEDBE0045EA31 /* Base */,
			);
			name = LaunchScreen.storyboard;
			sourceTree = "<group>";
		};
/* End PBXVariantGroup section */

/* Begin XCBuildConfiguration section */
		672C8A251D2CEDBE0045EA31 /* Debug */ = {
			isa = XCBuildConfiguration;
			buildSettings = {
				ALWAYS_SEARCH_USER_PATHS = NO;
				CLANG_ANALYZER_NONNULL = YES;
				CLANG_CXX_LANGUAGE_STANDARD = "gnu++0x";
				CLANG_CXX_LIBRARY = "libc++";
				CLANG_ENABLE_MODULES = YES;
				CLANG_ENABLE_OBJC_ARC = YES;
				CLANG_WARN_BOOL_CONVERSION = YES;
				CLANG_WARN_CONSTANT_CONVERSION = YES;
				CLANG_WARN_DIRECT_OBJC_ISA_USAGE = YES_ERROR;
				CLANG_WARN_EMPTY_BODY = YES;
				CLANG_WARN_ENUM_CONVERSION = YES;
				CLANG_WARN_INT_CONVERSION = YES;
				CLANG_WARN_OBJC_ROOT_CLASS = YES_ERROR;
				CLANG_WARN_UNREACHABLE_CODE = YES;
				CLANG_WARN__DUPLICATE_METHOD_MATCH = YES;
				"CODE_SIGN_IDENTITY[sdk=iphoneos*]" = "iPhone Developer";
				COPY_PHASE_STRIP = NO;
				DEBUG_INFORMATION_FORMAT = dwarf;
				ENABLE_STRICT_OBJC_MSGSEND = YES;
				ENABLE_TESTABILITY = YES;
				GCC_C_LANGUAGE_STANDARD = gnu99;
				GCC_DYNAMIC_NO_PIC = NO;
				GCC_NO_COMMON_BLOCKS = YES;
				GCC_OPTIMIZATION_LEVEL = 0;
				GCC_PREPROCESSOR_DEFINITIONS = (
					"DEBUG=1",
					"$(inherited)",
				);
				GCC_WARN_64_TO_32_BIT_CONVERSION = YES;
				GCC_WARN_ABOUT_RETURN_TYPE = YES_ERROR;
				GCC_WARN_UNDECLARED_SELECTOR = YES;
				GCC_WARN_UNINITIALIZED_AUTOS = YES_AGGRESSIVE;
				GCC_WARN_UNUSED_FUNCTION = YES;
				GCC_WARN_UNUSED_VARIABLE = YES;
				IPHONEOS_DEPLOYMENT_TARGET = 9.3;
				MTL_ENABLE_DEBUG_INFO = YES;
				ONLY_ACTIVE_ARCH = YES;
				SDKROOT = iphoneos;
				SWIFT_OPTIMIZATION_LEVEL = "-Onone";
			};
			name = Debug;
		};
		672C8A261D2CEDBE0045EA31 /* Release */ = {
			isa = XCBuildConfiguration;
			buildSettings = {
				ALWAYS_SEARCH_USER_PATHS = NO;
				CLANG_ANALYZER_NONNULL = YES;
				CLANG_CXX_LANGUAGE_STANDARD = "gnu++0x";
				CLANG_CXX_LIBRARY = "libc++";
				CLANG_ENABLE_MODULES = YES;
				CLANG_ENABLE_OBJC_ARC = YES;
				CLANG_WARN_BOOL_CONVERSION = YES;
				CLANG_WARN_CONSTANT_CONVERSION = YES;
				CLANG_WARN_DIRECT_OBJC_ISA_USAGE = YES_ERROR;
				CLANG_WARN_EMPTY_BODY = YES;
				CLANG_WARN_ENUM_CONVERSION = YES;
				CLANG_WARN_INT_CONVERSION = YES;
				CLANG_WARN_OBJC_ROOT_CLASS = YES_ERROR;
				CLANG_WARN_UNREACHABLE_CODE = YES;
				CLANG_WARN__DUPLICATE_METHOD_MATCH = YES;
				"CODE_SIGN_IDENTITY[sdk=iphoneos*]" = "iPhone Developer";
				COPY_PHASE_STRIP = NO;
				DEBUG_INFORMATION_FORMAT = "dwarf-with-dsym";
				ENABLE_NS_ASSERTIONS = NO;
				ENABLE_STRICT_OBJC_MSGSEND = YES;
				GCC_C_LANGUAGE_STANDARD = gnu99;
				GCC_NO_COMMON_BLOCKS = YES;
				GCC_WARN_64_TO_32_BIT_CONVERSION = YES;
				GCC_WARN_ABOUT_RETURN_TYPE = YES_ERROR;
				GCC_WARN_UNDECLARED_SELECTOR = YES;
				GCC_WARN_UNINITIALIZED_AUTOS = YES_AGGRESSIVE;
				GCC_WARN_UNUSED_FUNCTION = YES;
				GCC_WARN_UNUSED_VARIABLE = YES;
				IPHONEOS_DEPLOYMENT_TARGET = 9.3;
				MTL_ENABLE_DEBUG_INFO = NO;
				SDKROOT = iphoneos;
				VALIDATE_PRODUCT = YES;
			};
			name = Release;
		};
		672C8A281D2CEDBE0045EA31 /* Debug */ = {
			isa = XCBuildConfiguration;
			buildSettings = {
				ASSETCATALOG_COMPILER_APPICON_NAME = AppIcon;
				INFOPLIST_FILE = AVFondationLib/Info.plist;
				LD_RUNPATH_SEARCH_PATHS = "$(inherited) @executable_path/Frameworks";
				PRODUCT_BUNDLE_IDENTIFIER = yuewan.AVFondationLib;
				PRODUCT_NAME = "$(TARGET_NAME)";
			};
			name = Debug;
		};
		672C8A291D2CEDBE0045EA31 /* Release */ = {
			isa = XCBuildConfiguration;
			buildSettings = {
				ASSETCATALOG_COMPILER_APPICON_NAME = AppIcon;
				INFOPLIST_FILE = AVFondationLib/Info.plist;
				LD_RUNPATH_SEARCH_PATHS = "$(inherited) @executable_path/Frameworks";
				PRODUCT_BUNDLE_IDENTIFIER = yuewan.AVFondationLib;
				PRODUCT_NAME = "$(TARGET_NAME)";
			};
			name = Release;
		};
		672C8A2B1D2CEDBE0045EA31 /* Debug */ = {
			isa = XCBuildConfiguration;
			buildSettings = {
				BUNDLE_LOADER = "$(TEST_HOST)";
				INFOPLIST_FILE = AVFondationLibTests/Info.plist;
				LD_RUNPATH_SEARCH_PATHS = "$(inherited) @executable_path/Frameworks @loader_path/Frameworks";
				PRODUCT_BUNDLE_IDENTIFIER = yuewan.AVFondationLibTests;
				PRODUCT_NAME = "$(TARGET_NAME)";
				TEST_HOST = "$(BUILT_PRODUCTS_DIR)/AVFondationLib.app/AVFondationLib";
			};
			name = Debug;
		};
		672C8A2C1D2CEDBE0045EA31 /* Release */ = {
			isa = XCBuildConfiguration;
			buildSettings = {
				BUNDLE_LOADER = "$(TEST_HOST)";
				INFOPLIST_FILE = AVFondationLibTests/Info.plist;
				LD_RUNPATH_SEARCH_PATHS = "$(inherited) @executable_path/Frameworks @loader_path/Frameworks";
				PRODUCT_BUNDLE_IDENTIFIER = yuewan.AVFondationLibTests;
				PRODUCT_NAME = "$(TARGET_NAME)";
				TEST_HOST = "$(BUILT_PRODUCTS_DIR)/AVFondationLib.app/AVFondationLib";
			};
			name = Release;
		};
/* End XCBuildConfiguration section */

/* Begin XCConfigurationList section */
		672C8A051D2CEDBE0045EA31 /* Build configuration list for PBXProject "an" */ = {
			isa = XCConfigurationList;
			buildConfigurations = (
				672C8A251D2CEDBE0045EA31 /* Debug */,
				672C8A261D2CEDBE0045EA31 /* Release */,
			);
			defaultConfigurationIsVisible = 0;
			defaultConfigurationName = Release;
		};
		672C8A271D2CEDBE0045EA31 /* Build configuration list for PBXNativeTarget "AVFondationLib" */ = {
			isa = XCConfigurationList;
			buildConfigurations = (
				672C8A281D2CEDBE0045EA31 /* Debug */,
				672C8A291D2CEDBE0045EA31 /* Release */,
			);
			defaultConfigurationIsVisible = 0;
			defaultConfigurationName = Release;
		};
		672C8A2A1D2CEDBE0045EA31 /* Build configuration list for PBXNativeTarget "AVFondationLibTests" */ = {
			isa = XCConfigurationList;
			buildConfigurations = (
				672C8A2B1D2CEDBE0045EA31 /* Debug */,
				672C8A2C1D2CEDBE0045EA31 /* Release */,
			);
			defaultConfigurationIsVisible = 0;
			defaultConfigurationName = Release;
		};
/* End XCConfigurationList section */
	};
	rootObject = 672C8A021D2CEDBE0045EA31 /* Project object */;
}
